
Microsoft Visual Studio Solution File, Format Version 12.00
# Visual Studio Version 16
VisualStudioVersion = 16.0.30717.126
MinimumVisualStudioVersion = 10.0.40219.1
Project("{9A19103F-16F7-4668-BE54-9A1E7A4F7556}") = "DesignPatternsSandbox", "DesignPatternsSandbox\DesignPatternsSandbox.csproj", "{75EA4CBD-2F8D-483B-A97F-DD55E18B8FF5}"
EndProject
Project("{9A19103F-16F7-4668-BE54-9A1E7A4F7556}") = "DesignPatternsSandbox.Tests", "DesignPatternsSandbox.Tests\DesignPatternsSandbox.Tests.csproj", "{C319BC65-17CF-40C3-A109-F30F18C71680}"
EndProject
Global
	GlobalSection(SolutionConfigurationPlatforms) = preSolution
		Debug|Any CPU = Debug|Any CPU
		Release|Any CPU = Release|Any CPU
	EndGlobalSection
	GlobalSection(ProjectConfigurationPlatforms) = postSolution
		{75EA4CBD-2F8D-483B-A97F-DD55E18B8FF5}.Debug|Any CPU.ActiveCfg = Debug|Any CPU
		{75EA4CBD-2F8D-483B-A97F-DD55E18B8FF5}.Debug|Any CPU.Build.0 = Debug|Any CPU
		{75EA4CBD-2F8D-483B-A97F-DD55E18B8FF5}.Release|Any CPU.ActiveCfg = Release|Any CPU
		{75EA4CBD-2F8D-483B-A97F-DD55E18B8FF5}.Release|Any CPU.Build.0 = Release|Any CPU
		{C319BC65-17CF-40C3-A109-F30F18C71680}.Debug|Any CPU.ActiveCfg = Debug|Any CPU
		{C319BC65-17CF-40C3-A109-F30F18C71680}.Debug|Any CPU.Build.0 = Debug|Any CPU
		{C319BC65-17CF-40C3-A109-F30F18C71680}.Release|Any CPU.ActiveCfg = Release|Any CPU
		{C319BC65-17CF-40C3-A109-F30F18C71680}.Release|Any CPU.Build.0 = Release|Any CPU
	EndGlobalSection
	GlobalSection(SolutionProperties) = preSolution
		HideSolutionNode = FALSE
	EndGlobalSection
	GlobalSection(ExtensibilityGlobals) = postSolution
		SolutionGuid = {C12608C3-8A6C-4499-A443-C7934C9866DA}
	EndGlobalSection
EndGlobal
